// !$*UTF8*$!
{
	archiveVersion = 1;
	classes = {
	};
	objectVersion = 56;
	objects = {

/* Begin PBXBuildFile section */
		C31C52422C10C02E0031C417 /* we_splitApp.swift in Sources */ = {isa = PBXBuildFile; fileRef = C31C52412C10C02E0031C417 /* we_splitApp.swift */; };
		C31C52442C10C02E0031C417 /* ContentView.swift in Sources */ = {isa = PBXBuildFile; fileRef = C31C52432C10C02E0031C417 /* ContentView.swift */; };
		C31C52462C10C0300031C417 /* Assets.xcassets in Resources */ = {isa = PBXBuildFile; fileRef = C31C52452C10C0300031C417 /* Assets.xcassets */; };
		C31C52492C10C0300031C417 /* Preview Assets.xcassets in Resources */ = {isa = PBXBuildFile; fileRef = C31C52482C10C0300031C417 /* Preview Assets.xcassets */; };
		C31C52532C10C0300031C417 /* we_splitTests.swift in Sources */ = {isa = PBXBuildFile; fileRef = C31C52522C10C0300031C417 /* we_splitTests.swift */; };
		C31C525D2C10C0300031C417 /* we_splitUITests.swift in Sources */ = {isa = PBXBuildFile; fileRef = C31C525C2C10C0300031C417 /* we_splitUITests.swift */; };
		C31C525F2C10C0300031C417 /* we_splitUITestsLaunchTests.swift in Sources */ = {isa = PBXBuildFile; fileRef = C31C525E2C10C0300031C417 /* we_splitUITestsLaunchTests.swift */; };
/* End PBXBuildFile section */

/* Begin PBXContainerItemProxy section */
		C31C524F2C10C0300031C417 /* PBXContainerItemProxy */ = {
			isa = PBXContainerItemProxy;
			containerPortal = C31C52362C10C02E0031C417 /* Project object */;
			proxyType = 1;
			remoteGlobalIDString = C31C523D2C10C02E0031C417;
			remoteInfo = "we split";
		};
		C31C52592C10C0300031C417 /* PBXContainerItemProxy */ = {
			isa = PBXContainerItemProxy;
			containerPortal = C31C52362C10C02E0031C417 /* Project object */;
			proxyType = 1;
			remoteGlobalIDString = C31C523D2C10C02E0031C417;
			remoteInfo = "we split";
		};
/* End PBXContainerItemProxy section */

/* Begin PBXFileReference section */
		C31C523E2C10C02E0031C417 /* we split.app */ = {isa = PBXFileReference; explicitFileType = wrapper.application; includeInIndex = 0; path = "we split.app"; sourceTree = BUILT_PRODUCTS_DIR; };
		C31C52412C10C02E0031C417 /* we_splitApp.swift */ = {isa = PBXFileReference; lastKnownFileType = sourcecode.swift; path = we_splitApp.swift; sourceTree = "<group>"; };
		C31C52432C10C02E0031C417 /* ContentView.swift */ = {isa = PBXFileReference; lastKnownFileType = sourcecode.swift; path = ContentView.swift; sourceTree = "<group>"; };
		C31C52452C10C0300031C417 /* Assets.xcassets */ = {isa = PBXFileReference; lastKnownFileType = folder.assetcatalog; path = Assets.xcassets; sourceTree = "<group>"; };
		C31C52482C10C0300031C417 /* Preview Assets.xcassets */ = {isa = PBXFileReference; lastKnownFileType = folder.assetcatalog; path = "Preview Assets.xcassets"; sourceTree = "<group>"; };
		C31C524E2C10C0300031C417 /* we splitTests.xctest */ = {isa = PBXFileReference; explicitFileType = wrapper.cfbundle; includeInIndex = 0; path = "we splitTests.xctest"; sourceTree = BUILT_PRODUCTS_DIR; };
		C31C52522C10C0300031C417 /* we_splitTests.swift */ = {isa = PBXFileReference; lastKnownFileType = sourcecode.swift; path = we_splitTests.swift; sourceTree = "<group>"; };
		C31C52582C10C0300031C417 /* we splitUITests.xctest */ = {isa = PBXFileReference; explicitFileType = wrapper.cfbundle; includeInIndex = 0; path = "we splitUITests.xctest"; sourceTree = BUILT_PRODUCTS_DIR; };
		C31C525C2C10C0300031C417 /* we_splitUITests.swift */ = {isa = PBXFileReference; lastKnownFileType = sourcecode.swift; path = we_splitUITests.swift; sourceTree = "<group>"; };
		C31C525E2C10C0300031C417 /* we_splitUITestsLaunchTests.swift */ = {isa = PBXFileReference; lastKnownFileType = sourcecode.swift; path = we_splitUITestsLaunchTests.swift; sourceTree = "<group>"; };
/* End PBXFileReference section */

/* Begin PBXFrameworksBuildPhase section */
		C31C523B2C10C02E0031C417 /* Frameworks */ = {
			isa = PBXFrameworksBuildPhase;
			buildActionMask = 2147483647;
			files = (
			);
			runOnlyForDeploymentPostprocessing = 0;
		};
		C31C524B2C10C0300031C417 /* Frameworks */ = {
			isa = PBXFrameworksBuildPhase;
			buildActionMask = 2147483647;
			files = (
			);
			runOnlyForDeploymentPostprocessing = 0;
		};
		C31C52552C10C0300031C417 /* Frameworks */ = {
			isa = PBXFrameworksBuildPhase;
			buildActionMask = 2147483647;
			files = (
			);
			runOnlyForDeploymentPostprocessing = 0;
		};
/* End PBXFrameworksBuildPhase section */

/* Begin PBXGroup section */
		C31C52352C10C02E0031C417 = {
			isa = PBXGroup;
			children = (
				C31C52402C10C02E0031C417 /* we split */,
				C31C52512C10C0300031C417 /* we splitTests */,
				C31C525B2C10C0300031C417 /* we splitUITests */,
				C31C523F2C10C02E0031C417 /* Products */,
			);
			sourceTree = "<group>";
		};
		C31C523F2C10C02E0031C417 /* Products */ = {
			isa = PBXGroup;
			children = (
				C31C523E2C10C02E0031C417 /* we split.app */,
				C31C524E2C10C0300031C417 /* we splitTests.xctest */,
				C31C52582C10C0300031C417 /* we splitUITests.xctest */,
			);
			name = Products;
			sourceTree = "<group>";
		};
		C31C52402C10C02E0031C417 /* we split */ = {
			isa = PBXGroup;
			children = (
				C31C52412C10C02E0031C417 /* we_splitApp.swift */,
				C31C52432C10C02E0031C417 /* ContentView.swift */,
				C31C52452C10C0300031C417 /* Assets.xcassets */,
				C31C52472C10C0300031C417 /* Preview Content */,
			);
			path = "we split";
			sourceTree = "<group>";
		};
		C31C52472C10C0300031C417 /* Preview Content */ = {
			isa = PBXGroup;
			children = (
				C31C52482C10C0300031C417 /* Preview Assets.xcassets */,
			);
			path = "Preview Content";
			sourceTree = "<group>";
		};
		C31C52512C10C0300031C417 /* we splitTests */ = {
			isa = PBXGroup;
			children = (
				C31C52522C10C0300031C417 /* we_splitTests.swift */,
			);
			path = "we splitTests";
			sourceTree = "<group>";
		};
		C31C525B2C10C0300031C417 /* we splitUITests */ = {
			isa = PBXGroup;
			children = (
				C31C525C2C10C0300031C417 /* we_splitUITests.swift */,
				C31C525E2C10C0300031C417 /* we_splitUITestsLaunchTests.swift */,
			);
			path = "we splitUITests";
			sourceTree = "<group>";
		};
/* End PBXGroup section */

/* Begin PBXNativeTarget section */
		C31C523D2C10C02E0031C417 /* we split */ = {
			isa = PBXNativeTarget;
			buildConfigurationList = C31C52622C10C0300031C417 /* Build configuration list for PBXNativeTarget "we split" */;
			buildPhases = (
				C31C523A2C10C02E0031C417 /* Sources */,
				C31C523B2C10C02E0031C417 /* Frameworks */,
				C31C523C2C10C02E0031C417 /* Resources */,
			);
			buildRules = (
			);
			dependencies = (
			);
			name = "we split";
			productName = "we split";
			productReference = C31C523E2C10C02E0031C417 /* we split.app */;
			productType = "com.apple.product-type.application";
		};
		C31C524D2C10C0300031C417 /* we splitTests */ = {
			isa = PBXNativeTarget;
			buildConfigurationList = C31C52652C10C0300031C417 /* Build configuration list for PBXNativeTarget "we splitTests" */;
			buildPhases = (
				C31C524A2C10C0300031C417 /* Sources */,
				C31C524B2C10C0300031C417 /* Frameworks */,
				C31C524C2C10C0300031C417 /* Resources */,
			);
			buildRules = (
			);
			dependencies = (
				C31C52502C10C0300031C417 /* PBXTargetDependency */,
			);
			name = "we splitTests";
			productName = "we splitTests";
			productReference = C31C524E2C10C0300031C417 /* we splitTests.xctest */;
			productType = "com.apple.product-type.bundle.unit-test";
		};
		C31C52572C10C0300031C417 /* we splitUITests */ = {
			isa = PBXNativeTarget;
			buildConfigurationList = C31C52682C10C0300031C417 /* Build configuration list for PBXNativeTarget "we splitUITests" */;
			buildPhases = (
				C31C52542C10C0300031C417 /* Sources */,
				C31C52552C10C0300031C417 /* Frameworks */,
				C31C52562C10C0300031C417 /* Resources */,
			);
			buildRules = (
			);
			dependencies = (
				C31C525A2C10C0300031C417 /* PBXTargetDependency */,
			);
			name = "we splitUITests";
			productName = "we splitUITests";
			productReference = C31C52582C10C0300031C417 /* we splitUITests.xctest */;
			productType = "com.apple.product-type.bundle.ui-testing";
		};
/* End PBXNativeTarget section */

/* Begin PBXProject section */
		C31C52362C10C02E0031C417 /* Project object */ = {
			isa = PBXProject;
			attributes = {
				BuildIndependentTargetsInParallel = 1;
				LastSwiftUpdateCheck = 1540;
				LastUpgradeCheck = 1540;
				TargetAttributes = {
					C31C523D2C10C02E0031C417 = {
						CreatedOnToolsVersion = 15.4;
					};
					C31C524D2C10C0300031C417 = {
						CreatedOnToolsVersion = 15.4;
						TestTargetID = C31C523D2C10C02E0031C417;
					};
					C31C52572C10C0300031C417 = {
						CreatedOnToolsVersion = 15.4;
						TestTargetID = C31C523D2C10C02E0031C417;
					};
				};
			};
			buildConfigurationList = C31C52392C10C02E0031C417 /* Build configuration list for PBXProject "we split" */;
			compatibilityVersion = "Xcode 14.0";
			developmentRegion = en;
			hasScannedForEncodings = 0;
			knownRegions = (
				en,
				Base,
			);
			mainGroup = C31C52352C10C02E0031C417;
			productRefGroup = C31C523F2C10C02E0031C417 /* Products */;
			projectDirPath = "";
			projectRoot = "";
			targets = (
				C31C523D2C10C02E0031C417 /* we split */,
				C31C524D2C10C0300031C417 /* we splitTests */,
				C31C52572C10C0300031C417 /* we splitUITests */,
			);
		};
/* End PBXProject section */

/* Begin PBXResourcesBuildPhase section */
		C31C523C2C10C02E0031C417 /* Resources */ = {
			isa = PBXResourcesBuildPhase;
			buildActionMask = 2147483647;
			files = (
				C31C52492C10C0300031C417 /* Preview Assets.xcassets in Resources */,
				C31C52462C10C0300031C417 /* Assets.xcassets in Resources */,
			);
			runOnlyForDeploymentPostprocessing = 0;
		};
		C31C524C2C10C0300031C417 /* Resources */ = {
			isa = PBXResourcesBuildPhase;
			buildActionMask = 2147483647;
			files = (
			);
			runOnlyForDeploymentPostprocessing = 0;
		};
		C31C52562C10C0300031C417 /* Resources */ = {
			isa = PBXResourcesBuildPhase;
			buildActionMask = 2147483647;
			files = (
			);
			runOnlyForDeploymentPostprocessing = 0;
		};
/* End PBXResourcesBuildPhase section */

/* Begin PBXSourcesBuildPhase section */
		C31C523A2C10C02E0031C417 /* Sources */ = {
			isa = PBXSourcesBuildPhase;
			buildActionMask = 2147483647;
			files = (
				C31C52442C10C02E0031C417 /* ContentView.swift in Sources */,
				C31C52422C10C02E0031C417 /* we_splitApp.swift in Sources */,
			);
			runOnlyForDeploymentPostprocessing = 0;
		};
		C31C524A2C10C0300031C417 /* Sources */ = {
			isa = PBXSourcesBuildPhase;
			buildActionMask = 2147483647;
			files = (
				C31C52532C10C0300031C417 /* we_splitTests.swift in Sources */,
			);
			runOnlyForDeploymentPostprocessing = 0;
		};
		C31C52542C10C0300031C417 /* Sources */ = {
			isa = PBXSourcesBuildPhase;
			buildActionMask = 2147483647;
			files = (
				C31C525F2C10C0300031C417 /* we_splitUITestsLaunchTests.swift in Sources */,
				C31C525D2C10C0300031C417 /* we_splitUITests.swift in Sources */,
			);
			runOnlyForDeploymentPostprocessing = 0;
		};
/* End PBXSourcesBuildPhase section */

/* Begin PBXTargetDependency section */
		C31C52502C10C0300031C417 /* PBXTargetDependency */ = {
			isa = PBXTargetDependency;
			target = C31C523D2C10C02E0031C417 /* we split */;
			targetProxy = C31C524F2C10C0300031C417 /* PBXContainerItemProxy */;
		};
		C31C525A2C10C0300031C417 /* PBXTargetDependency */ = {
			isa = PBXTargetDependency;
			target = C31C523D2C10C02E0031C417 /* we split */;
			targetProxy = C31C52592C10C0300031C417 /* PBXContainerItemProxy */;
		};
/* End PBXTargetDependency section */

/* Begin XCBuildConfiguration section */
		C31C52602C10C0300031C417 /* Debug */ = {
			isa = XCBuildConfiguration;
			buildSettings = {
				ALWAYS_SEARCH_USER_PATHS = NO;
				ASSETCATALOG_COMPILER_GENERATE_SWIFT_ASSET_SYMBOL_EXTENSIONS = YES;
				CLANG_ANALYZER_NONNULL = YES;
				CLANG_ANALYZER_NUMBER_OBJECT_CONVERSION = YES_AGGRESSIVE;
				CLANG_CXX_LANGUAGE_STANDARD = "gnu++20";
				CLANG_ENABLE_MODULES = YES;
				CLANG_ENABLE_OBJC_ARC = YES;
				CLANG_ENABLE_OBJC_WEAK = YES;
				CLANG_WARN_BLOCK_CAPTURE_AUTORELEASING = YES;
				CLANG_WARN_BOOL_CONVERSION = YES;
				CLANG_WARN_COMMA = YES;
				CLANG_WARN_CONSTANT_CONVERSION = YES;
				CLANG_WARN_DEPRECATED_OBJC_IMPLEMENTATIONS = YES;
				CLANG_WARN_DIRECT_OBJC_ISA_USAGE = YES_ERROR;
				CLANG_WARN_DOCUMENTATION_COMMENTS = YES;
				CLANG_WARN_EMPTY_BODY = YES;
				CLANG_WARN_ENUM_CONVERSION = YES;
				CLANG_WARN_INFINITE_RECURSION = YES;
				CLANG_WARN_INT_CONVERSION = YES;
				CLANG_WARN_NON_LITERAL_NULL_CONVERSION = YES;
				CLANG_WARN_OBJC_IMPLICIT_RETAIN_SELF = YES;
				CLANG_WARN_OBJC_LITERAL_CONVERSION = YES;
				CLANG_WARN_OBJC_ROOT_CLASS = YES_ERROR;
				CLANG_WARN_QUOTED_INCLUDE_IN_FRAMEWORK_HEADER = YES;
				CLANG_WARN_RANGE_LOOP_ANALYSIS = YES;
				CLANG_WARN_STRICT_PROTOTYPES = YES;
				CLANG_WARN_SUSPICIOUS_MOVE = YES;
				CLANG_WARN_UNGUARDED_AVAILABILITY = YES_AGGRESSIVE;
				CLANG_WARN_UNREACHABLE_CODE = YES;
				CLANG_WARN__DUPLICATE_METHOD_MATCH = YES;
				COPY_PHASE_STRIP = NO;
				DEBUG_INFORMATION_FORMAT = dwarf;
				ENABLE_STRICT_OBJC_MSGSEND = YES;
				ENABLE_TESTABILITY = YES;
				ENABLE_USER_SCRIPT_SANDBOXING = YES;
				GCC_C_LANGUAGE_STANDARD = gnu17;
				GCC_DYNAMIC_NO_PIC = NO;
				GCC_NO_COMMON_BLOCKS = YES;
				GCC_OPTIMIZATION_LEVEL = 0;
				GCC_PREPROCESSOR_DEFINITIONS = (
					"DEBUG=1",
					"$(inherited)",
				);
				GCC_WARN_64_TO_32_BIT_CONVERSION = YES;
				GCC_WARN_ABOUT_RETURN_TYPE = YES_ERROR;
				GCC_WARN_UNDECLARED_SELECTOR = YES;
				GCC_WARN_UNINITIALIZED_AUTOS = YES_AGGRESSIVE;
				GCC_WARN_UNUSED_FUNCTION = YES;
				GCC_WARN_UNUSED_VARIABLE = YES;
				IPHONEOS_DEPLOYMENT_TARGET = 17.5;
				LOCALIZATION_PREFERS_STRING_CATALOGS = YES;
				MTL_ENABLE_DEBUG_INFO = INCLUDE_SOURCE;
				MTL_FAST_MATH = YES;
				ONLY_ACTIVE_ARCH = YES;
				SDKROOT = iphoneos;
				SWIFT_ACTIVE_COMPILATION_CONDITIONS = "DEBUG $(inherited)";
				SWIFT_OPTIMIZATION_LEVEL = "-Onone";
			};
			name = Debug;
		};
		C31C52612C10C0300031C417 /* Release */ = {
			isa = XCBuildConfiguration;
			buildSettings = {
				ALWAYS_SEARCH_USER_PATHS = NO;
				ASSETCATALOG_COMPILER_GENERATE_SWIFT_ASSET_SYMBOL_EXTENSIONS = YES;
				CLANG_ANALYZER_NONNULL = YES;
				CLANG_ANALYZER_NUMBER_OBJECT_CONVERSION = YES_AGGRESSIVE;
				CLANG_CXX_LANGUAGE_STANDARD = "gnu++20";
				CLANG_ENABLE_MODULES = YES;
				CLANG_ENABLE_OBJC_ARC = YES;
				CLANG_ENABLE_OBJC_WEAK = YES;
				CLANG_WARN_BLOCK_CAPTURE_AUTORELEASING = YES;
				CLANG_WARN_BOOL_CONVERSION = YES;
				CLANG_WARN_COMMA = YES;
				CLANG_WARN_CONSTANT_CONVERSION = YES;
				CLANG_WARN_DEPRECATED_OBJC_IMPLEMENTATIONS = YES;
				CLANG_WARN_DIRECT_OBJC_ISA_USAGE = YES_ERROR;
				CLANG_WARN_DOCUMENTATION_COMMENTS = YES;
				CLANG_WARN_EMPTY_BODY = YES;
				CLANG_WARN_ENUM_CONVERSION = YES;
				CLANG_WARN_INFINITE_RECURSION = YES;
				CLANG_WARN_INT_CONVERSION = YES;
				CLANG_WARN_NON_LITERAL_NULL_CONVERSION = YES;
				CLANG_WARN_OBJC_IMPLICIT_RETAIN_SELF = YES;
				CLANG_WARN_OBJC_LITERAL_CONVERSION = YES;
				CLANG_WARN_OBJC_ROOT_CLASS = YES_ERROR;
				CLANG_WARN_QUOTED_INCLUDE_IN_FRAMEWORK_HEADER = YES;
				CLANG_WARN_RANGE_LOOP_ANALYSIS = YES;
				CLANG_WARN_STRICT_PROTOTYPES = YES;
				CLANG_WARN_SUSPICIOUS_MOVE = YES;
				CLANG_WARN_UNGUARDED_AVAILABILITY = YES_AGGRESSIVE;
				CLANG_WARN_UNREACHABLE_CODE = YES;
				CLANG_WARN__DUPLICATE_METHOD_MATCH = YES;
				COPY_PHASE_STRIP = NO;
				DEBUG_INFORMATION_FORMAT = "dwarf-with-dsym";
				ENABLE_NS_ASSERTIONS = NO;
				ENABLE_STRICT_OBJC_MSGSEND = YES;
				ENABLE_USER_SCRIPT_SANDBOXING = YES;
				GCC_C_LANGUAGE_STANDARD = gnu17;
				GCC_NO_COMMON_BLOCKS = YES;
				GCC_WARN_64_TO_32_BIT_CONVERSION = YES;
				GCC_WARN_ABOUT_RETURN_TYPE = YES_ERROR;
				GCC_WARN_UNDECLARED_SELECTOR = YES;
				GCC_WARN_UNINITIALIZED_AUTOS = YES_AGGRESSIVE;
				GCC_WARN_UNUSED_FUNCTION = YES;
				GCC_WARN_UNUSED_VARIABLE = YES;
				IPHONEOS_DEPLOYMENT_TARGET = 17.5;
				LOCALIZATION_PREFERS_STRING_CATALOGS = YES;
				MTL_ENABLE_DEBUG_INFO = NO;
				MTL_FAST_MATH = YES;
				SDKROOT = iphoneos;
				SWIFT_COMPILATION_MODE = wholemodule;
				VALIDATE_PRODUCT = YES;
			};
			name = Release;
		};
		C31C52632C10C0300031C417 /* Debug */ = {
			isa = XCBuildConfiguration;
			buildSettings = {
				ASSETCATALOG_COMPILER_APPICON_NAME = AppIcon;
				ASSETCATALOG_COMPILER_GLOBAL_ACCENT_COLOR_NAME = AccentColor;
				CODE_SIGN_STYLE = Automatic;
				CURRENT_PROJECT_VERSION = 1;
				DEVELOPMENT_ASSET_PATHS = "\"we split/Preview Content\"";
				ENABLE_PREVIEWS = YES;
				GENERATE_INFOPLIST_FILE = YES;
				INFOPLIST_KEY_UIApplicationSceneManifest_Generation = YES;
				INFOPLIST_KEY_UIApplicationSupportsIndirectInputEvents = YES;
				INFOPLIST_KEY_UILaunchScreen_Generation = YES;
				INFOPLIST_KEY_UISupportedInterfaceOrientations_iPad = "UIInterfaceOrientationPortrait UIInterfaceOrientationPortraitUpsideDown UIInterfaceOrientationLandscapeLeft UIInterfaceOrientationLandscapeRight";
				INFOPLIST_KEY_UISupportedInterfaceOrientations_iPhone = "UIInterfaceOrientationPortrait UIInterfaceOrientationLandscapeLeft UIInterfaceOrientationLandscapeRight";
				LD_RUNPATH_SEARCH_PATHS = (
					"$(inherited)",
					"@executable_path/Frameworks",
				);
				MARKETING_VERSION = 1.0;
				PRODUCT_BUNDLE_IDENTIFIER = "com.bharath.we-split";
				PRODUCT_NAME = "$(TARGET_NAME)";
				SWIFT_EMIT_LOC_STRINGS = YES;
				SWIFT_VERSION = 5.0;
				TARGETED_DEVICE_FAMILY = "1,2";
			};
			name = Debug;
		};
		C31C52642C10C0300031C417 /* Release */ = {
			isa = XCBuildConfiguration;
			buildSettings = {
				ASSETCATALOG_COMPILER_APPICON_NAME = AppIcon;
				ASSETCATALOG_COMPILER_GLOBAL_ACCENT_COLOR_NAME = AccentColor;
				CODE_SIGN_STYLE = Automatic;
				CURRENT_PROJECT_VERSION = 1;
				DEVELOPMENT_ASSET_PATHS = "\"we split/Preview Content\"";
				ENABLE_PREVIEWS = YES;
				GENERATE_INFOPLIST_FILE = YES;
				INFOPLIST_KEY_UIApplicationSceneManifest_Generation = YES;
				INFOPLIST_KEY_UIApplicationSupportsIndirectInputEvents = YES;
				INFOPLIST_KEY_UILaunchScreen_Generation = YES;
				INFOPLIST_KEY_UISupportedInterfaceOrientations_iPad = "UIInterfaceOrientationPortrait UIInterfaceOrientationPortraitUpsideDown UIInterfaceOrientationLandscapeLeft UIInterfaceOrientationLandscapeRight";
				INFOPLIST_KEY_UISupportedInterfaceOrientations_iPhone = "UIInterfaceOrientationPortrait UIInterfaceOrientationLandscapeLeft UIInterfaceOrientationLandscapeRight";
				LD_RUNPATH_SEARCH_PATHS = (
					"$(inherited)",
					"@executable_path/Frameworks",
				);
				MARKETING_VERSION = 1.0;
				PRODUCT_BUNDLE_IDENTIFIER = "com.bharath.we-split";
				PRODUCT_NAME = "$(TARGET_NAME)";
				SWIFT_EMIT_LOC_STRINGS = YES;
				SWIFT_VERSION = 5.0;
				TARGETED_DEVICE_FAMILY = "1,2";
			};
			name = Release;
		};
		C31C52662C10C0300031C417 /* Debug */ = {
			isa = XCBuildConfiguration;
			buildSettings = {
				ALWAYS_EMBED_SWIFT_STANDARD_LIBRARIES = YES;
				BUNDLE_LOADER = "$(TEST_HOST)";
				CODE_SIGN_STYLE = Automatic;
				CURRENT_PROJECT_VERSION = 1;
				GENERATE_INFOPLIST_FILE = YES;
				IPHONEOS_DEPLOYMENT_TARGET = 17.5;
				MARKETING_VERSION = 1.0;
				PRODUCT_BUNDLE_IDENTIFIER = "com.bharath.we-splitTests";
				PRODUCT_NAME = "$(TARGET_NAME)";
				SWIFT_EMIT_LOC_STRINGS = NO;
				SWIFT_VERSION = 5.0;
				TARGETED_DEVICE_FAMILY = "1,2";
				TEST_HOST = "$(BUILT_PRODUCTS_DIR)/we split.app/$(BUNDLE_EXECUTABLE_FOLDER_PATH)/we split";
			};
			name = Debug;
		};
		C31C52672C10C0300031C417 /* Release */ = {
			isa = XCBuildConfiguration;
			buildSettings = {
				ALWAYS_EMBED_SWIFT_STANDARD_LIBRARIES = YES;
				BUNDLE_LOADER = "$(TEST_HOST)";
				CODE_SIGN_STYLE = Automatic;
				CURRENT_PROJECT_VERSION = 1;
				GENERATE_INFOPLIST_FILE = YES;
				IPHONEOS_DEPLOYMENT_TARGET = 17.5;
				MARKETING_VERSION = 1.0;
				PRODUCT_BUNDLE_IDENTIFIER = "com.bharath.we-splitTests";
				PRODUCT_NAME = "$(TARGET_NAME)";
				SWIFT_EMIT_LOC_STRINGS = NO;
				SWIFT_VERSION = 5.0;
				TARGETED_DEVICE_FAMILY = "1,2";
				TEST_HOST = "$(BUILT_PRODUCTS_DIR)/we split.app/$(BUNDLE_EXECUTABLE_FOLDER_PATH)/we split";
			};
			name = Release;
		};
		C31C52692C10C0300031C417 /* Debug */ = {
			isa = XCBuildConfiguration;
			buildSettings = {
				ALWAYS_EMBED_SWIFT_STANDARD_LIBRARIES = YES;
				CODE_SIGN_STYLE = Automatic;
				CURRENT_PROJECT_VERSION = 1;
				GENERATE_INFOPLIST_FILE = YES;
				MARKETING_VERSION = 1.0;
				PRODUCT_BUNDLE_IDENTIFIER = "com.bharath.we-splitUITests";
				PRODUCT_NAME = "$(TARGET_NAME)";
				SWIFT_EMIT_LOC_STRINGS = NO;
				SWIFT_VERSION = 5.0;
				TARGETED_DEVICE_FAMILY = "1,2";
				TEST_TARGET_NAME = "we split";
			};
			name = Debug;
		};
		C31C526A2C10C0300031C417 /* Release */ = {
			isa = XCBuildConfiguration;
			buildSettings = {
				ALWAYS_EMBED_SWIFT_STANDARD_LIBRARIES = YES;
				CODE_SIGN_STYLE = Automatic;
				CURRENT_PROJECT_VERSION = 1;
				GENERATE_INFOPLIST_FILE = YES;
				MARKETING_VERSION = 1.0;
				PRODUCT_BUNDLE_IDENTIFIER = "com.bharath.we-splitUITests";
				PRODUCT_NAME = "$(TARGET_NAME)";
				SWIFT_EMIT_LOC_STRINGS = NO;
				SWIFT_VERSION = 5.0;
				TARGETED_DEVICE_FAMILY = "1,2";
				TEST_TARGET_NAME = "we split";
			};
			name = Release;
		};
/* End XCBuildConfiguration section */

/* Begin XCConfigurationList section */
		C31C52392C10C02E0031C417 /* Build configuration list for PBXProject "we split" */ = {
			isa = XCConfigurationList;
			buildConfigurations = (
				C31C52602C10C0300031C417 /* Debug */,
				C31C52612C10C0300031C417 /* Release */,
			);
			defaultConfigurationIsVisible = 0;
			defaultConfigurationName = Release;
		};
		C31C52622C10C0300031C417 /* Build configuration list for PBXNativeTarget "we split" */ = {
			isa = XCConfigurationList;
			buildConfigurations = (
				C31C52632C10C0300031C417 /* Debug */,
				C31C52642C10C0300031C417 /* Release */,
			);
			defaultConfigurationIsVisible = 0;
			defaultConfigurationName = Release;
		};
		C31C52652C10C0300031C417 /* Build configuration list for PBXNativeTarget "we splitTests" */ = {
			isa = XCConfigurationList;
			buildConfigurations = (
				C31C52662C10C0300031C417 /* Debug */,
				C31C52672C10C0300031C417 /* Release */,
			);
			defaultConfigurationIsVisible = 0;
			defaultConfigurationName = Release;
		};
		C31C52682C10C0300031C417 /* Build configuration list for PBXNativeTarget "we splitUITests" */ = {
			isa = XCConfigurationList;
			buildConfigurations = (
				C31C52692C10C0300031C417 /* Debug */,
				C31C526A2C10C0300031C417 /* Release */,
			);
			defaultConfigurationIsVisible = 0;
			defaultConfigurationName = Release;
		};
/* End XCConfigurationList section */
	};
	rootObject = C31C52362C10C02E0031C417 /* Project object */;
}
